
Microsoft Visual Studio Solution File, Format Version 12.00
# Visual Studio Version 17
VisualStudioVersion = 17.12.35527.113 d17.12
MinimumVisualStudioVersion = 10.0.40219.1
Project("{FAE04EC0-301F-11D3-BF4B-00C04F79EFBC}") = "whiledongusupratik", "whiledongusupratik\whiledongusupratik.csproj", "{060B2EF2-2479-42A3-A8C0-F95F46DB7803}"
EndProject
Global
	GlobalSection(SolutionConfigurationPlatforms) = preSolution
		Debug|Any CPU = Debug|Any CPU
		Release|Any CPU = Release|Any CPU
	EndGlobalSection
	GlobalSection(ProjectConfigurationPlatforms) = postSolution
		{060B2EF2-2479-42A3-A8C0-F95F46DB7803}.Debug|Any CPU.ActiveCfg = Debug|Any CPU
		{060B2EF2-2479-42A3-A8C0-F95F46DB7803}.Debug|Any CPU.Build.0 = Debug|Any CPU
		{060B2EF2-2479-42A3-A8C0-F95F46DB7803}.Release|Any CPU.ActiveCfg = Release|Any CPU
		{060B2EF2-2479-42A3-A8C0-F95F46DB7803}.Release|Any CPU.Build.0 = Release|Any CPU
	EndGlobalSection
	GlobalSection(SolutionProperties) = preSolution
		HideSolutionNode = FALSE
	EndGlobalSection
EndGlobal
